// !$*UTF8*$!
{
	archiveVersion = 1;
	classes = {
	};
	objectVersion = 56;
	objects = {

/* Begin PBXBuildFile section */
		3FF220B7292CC731009A45E3 /* AppDelegate.swift in Sources */ = {isa = PBXBuildFile; fileRef = 3FF220B6292CC731009A45E3 /* AppDelegate.swift */; };
		3FF220B9292CC731009A45E3 /* SceneDelegate.swift in Sources */ = {isa = PBXBuildFile; fileRef = 3FF220B8292CC731009A45E3 /* SceneDelegate.swift */; };
		3FF220BB292CC731009A45E3 /* ViewController.swift in Sources */ = {isa = PBXBuildFile; fileRef = 3FF220BA292CC731009A45E3 /* ViewController.swift */; };
		3FF220BE292CC731009A45E3 /* Main.storyboard in Resources */ = {isa = PBXBuildFile; fileRef = 3FF220BC292CC731009A45E3 /* Main.storyboard */; };
		3FF220C0292CC73C009A45E3 /* Assets.xcassets in Resources */ = {isa = PBXBuildFile; fileRef = 3FF220BF292CC73C009A45E3 /* Assets.xcassets */; };
		3FF220C3292CC73C009A45E3 /* LaunchScreen.storyboard in Resources */ = {isa = PBXBuildFile; fileRef = 3FF220C1292CC73C009A45E3 /* LaunchScreen.storyboard */; };
		3FF220CE292CC73D009A45E3 /* XcodeIntroTests.swift in Sources */ = {isa = PBXBuildFile; fileRef = 3FF220CD292CC73D009A45E3 /* XcodeIntroTests.swift */; };
		3FF220D8292CC73D009A45E3 /* XcodeIntroUITests.swift in Sources */ = {isa = PBXBuildFile; fileRef = 3FF220D7292CC73D009A45E3 /* XcodeIntroUITests.swift */; };
		3FF220DA292CC73D009A45E3 /* XcodeIntroUITestsLaunchTests.swift in Sources */ = {isa = PBXBuildFile; fileRef = 3FF220D9292CC73D009A45E3 /* XcodeIntroUITestsLaunchTests.swift */; };
/* End PBXBuildFile section */

/* Begin PBXContainerItemProxy section */
		3FF220CA292CC73D009A45E3 /* PBXContainerItemProxy */ = {
			isa = PBXContainerItemProxy;
			containerPortal = 3FF220AB292CC730009A45E3 /* Project object */;
			proxyType = 1;
			remoteGlobalIDString = 3FF220B2292CC730009A45E3;
			remoteInfo = XcodeIntro;
		};
		3FF220D4292CC73D009A45E3 /* PBXContainerItemProxy */ = {
			isa = PBXContainerItemProxy;
			containerPortal = 3FF220AB292CC730009A45E3 /* Project object */;
			proxyType = 1;
			remoteGlobalIDString = 3FF220B2292CC730009A45E3;
			remoteInfo = XcodeIntro;
		};
/* End PBXContainerItemProxy section */

/* Begin PBXFileReference section */
		3FF220B3292CC731009A45E3 /* XcodeIntro.app */ = {isa = PBXFileReference; explicitFileType = wrapper.application; includeInIndex = 0; path = XcodeIntro.app; sourceTree = BUILT_PRODUCTS_DIR; };
		3FF220B6292CC731009A45E3 /* AppDelegate.swift */ = {isa = PBXFileReference; lastKnownFileType = sourcecode.swift; path = AppDelegate.swift; sourceTree = "<group>"; };
		3FF220B8292CC731009A45E3 /* SceneDelegate.swift */ = {isa = PBXFileReference; lastKnownFileType = sourcecode.swift; path = SceneDelegate.swift; sourceTree = "<group>"; };
		3FF220BA292CC731009A45E3 /* ViewController.swift */ = {isa = PBXFileReference; lastKnownFileType = sourcecode.swift; path = ViewController.swift; sourceTree = "<group>"; };
		3FF220BD292CC731009A45E3 /* Base */ = {isa = PBXFileReference; lastKnownFileType = file.storyboard; name = Base; path = Base.lproj/Main.storyboard; sourceTree = "<group>"; };
		3FF220BF292CC73C009A45E3 /* Assets.xcassets */ = {isa = PBXFileReference; lastKnownFileType = folder.assetcatalog; path = Assets.xcassets; sourceTree = "<group>"; };
		3FF220C2292CC73C009A45E3 /* Base */ = {isa = PBXFileReference; lastKnownFileType = file.storyboard; name = Base; path = Base.lproj/LaunchScreen.storyboard; sourceTree = "<group>"; };
		3FF220C4292CC73C009A45E3 /* Info.plist */ = {isa = PBXFileReference; lastKnownFileType = text.plist.xml; path = Info.plist; sourceTree = "<group>"; };
		3FF220C9292CC73D009A45E3 /* XcodeIntroTests.xctest */ = {isa = PBXFileReference; explicitFileType = wrapper.cfbundle; includeInIndex = 0; path = XcodeIntroTests.xctest; sourceTree = BUILT_PRODUCTS_DIR; };
		3FF220CD292CC73D009A45E3 /* XcodeIntroTests.swift */ = {isa = PBXFileReference; lastKnownFileType = sourcecode.swift; path = XcodeIntroTests.swift; sourceTree = "<group>"; };
		3FF220D3292CC73D009A45E3 /* XcodeIntroUITests.xctest */ = {isa = PBXFileReference; explicitFileType = wrapper.cfbundle; includeInIndex = 0; path = XcodeIntroUITests.xctest; sourceTree = BUILT_PRODUCTS_DIR; };
		3FF220D7292CC73D009A45E3 /* XcodeIntroUITests.swift */ = {isa = PBXFileReference; lastKnownFileType = sourcecode.swift; path = XcodeIntroUITests.swift; sourceTree = "<group>"; };
		3FF220D9292CC73D009A45E3 /* XcodeIntroUITestsLaunchTests.swift */ = {isa = PBXFileReference; lastKnownFileType = sourcecode.swift; path = XcodeIntroUITestsLaunchTests.swift; sourceTree = "<group>"; };
/* End PBXFileReference section */

/* Begin PBXFrameworksBuildPhase section */
		3FF220B0292CC730009A45E3 /* Frameworks */ = {
			isa = PBXFrameworksBuildPhase;
			buildActionMask = 2147483647;
			files = (
			);
			runOnlyForDeploymentPostprocessing = 0;
		};
		3FF220C6292CC73D009A45E3 /* Frameworks */ = {
			isa = PBXFrameworksBuildPhase;
			buildActionMask = 2147483647;
			files = (
			);
			runOnlyForDeploymentPostprocessing = 0;
		};
		3FF220D0292CC73D009A45E3 /* Frameworks */ = {
			isa = PBXFrameworksBuildPhase;
			buildActionMask = 2147483647;
			files = (
			);
			runOnlyForDeploymentPostprocessing = 0;
		};
/* End PBXFrameworksBuildPhase section */

/* Begin PBXGroup section */
		3FF220AA292CC730009A45E3 = {
			isa = PBXGroup;
			children = (
				3FF220B5292CC731009A45E3 /* XcodeIntro */,
				3FF220CC292CC73D009A45E3 /* XcodeIntroTests */,
				3FF220D6292CC73D009A45E3 /* XcodeIntroUITests */,
				3FF220B4292CC731009A45E3 /* Products */,
			);
			sourceTree = "<group>";
		};
		3FF220B4292CC731009A45E3 /* Products */ = {
			isa = PBXGroup;
			children = (
				3FF220B3292CC731009A45E3 /* XcodeIntro.app */,
				3FF220C9292CC73D009A45E3 /* XcodeIntroTests.xctest */,
				3FF220D3292CC73D009A45E3 /* XcodeIntroUITests.xctest */,
			);
			name = Products;
			sourceTree = "<group>";
		};
		3FF220B5292CC731009A45E3 /* XcodeIntro */ = {
			isa = PBXGroup;
			children = (
				3FF220B6292CC731009A45E3 /* AppDelegate.swift */,
				3FF220B8292CC731009A45E3 /* SceneDelegate.swift */,
				3FF220BA292CC731009A45E3 /* ViewController.swift */,
				3FF220BC292CC731009A45E3 /* Main.storyboard */,
				3FF220BF292CC73C009A45E3 /* Assets.xcassets */,
				3FF220C1292CC73C009A45E3 /* LaunchScreen.storyboard */,
				3FF220C4292CC73C009A45E3 /* Info.plist */,
			);
			path = XcodeIntro;
			sourceTree = "<group>";
		};
		3FF220CC292CC73D009A45E3 /* XcodeIntroTests */ = {
			isa = PBXGroup;
			children = (
				3FF220CD292CC73D009A45E3 /* XcodeIntroTests.swift */,
			);
			path = XcodeIntroTests;
			sourceTree = "<group>";
		};
		3FF220D6292CC73D009A45E3 /* XcodeIntroUITests */ = {
			isa = PBXGroup;
			children = (
				3FF220D7292CC73D009A45E3 /* XcodeIntroUITests.swift */,
				3FF220D9292CC73D009A45E3 /* XcodeIntroUITestsLaunchTests.swift */,
			);
			path = XcodeIntroUITests;
			sourceTree = "<group>";
		};
/* End PBXGroup section */

/* Begin PBXNativeTarget section */
		3FF220B2292CC730009A45E3 /* XcodeIntro */ = {
			isa = PBXNativeTarget;
			buildConfigurationList = 3FF220DD292CC73D009A45E3 /* Build configuration list for PBXNativeTarget "XcodeIntro" */;
			buildPhases = (
				3FF220AF292CC730009A45E3 /* Sources */,
				3FF220B0292CC730009A45E3 /* Frameworks */,
				3FF220B1292CC730009A45E3 /* Resources */,
			);
			buildRules = (
			);
			dependencies = (
			);
			name = XcodeIntro;
			productName = XcodeIntro;
			productReference = 3FF220B3292CC731009A45E3 /* XcodeIntro.app */;
			productType = "com.apple.product-type.application";
		};
		3FF220C8292CC73D009A45E3 /* XcodeIntroTests */ = {
			isa = PBXNativeTarget;
			buildConfigurationList = 3FF220E0292CC73D009A45E3 /* Build configuration list for PBXNativeTarget "XcodeIntroTests" */;
			buildPhases = (
				3FF220C5292CC73D009A45E3 /* Sources */,
				3FF220C6292CC73D009A45E3 /* Frameworks */,
				3FF220C7292CC73D009A45E3 /* Resources */,
			);
			buildRules = (
			);
			dependencies = (
				3FF220CB292CC73D009A45E3 /* PBXTargetDependency */,
			);
			name = XcodeIntroTests;
			productName = XcodeIntroTests;
			productReference = 3FF220C9292CC73D009A45E3 /* XcodeIntroTests.xctest */;
			productType = "com.apple.product-type.bundle.unit-test";
		};
		3FF220D2292CC73D009A45E3 /* XcodeIntroUITests */ = {
			isa = PBXNativeTarget;
			buildConfigurationList = 3FF220E3292CC73D009A45E3 /* Build configuration list for PBXNativeTarget "XcodeIntroUITests" */;
			buildPhases = (
				3FF220CF292CC73D009A45E3 /* Sources */,
				3FF220D0292CC73D009A45E3 /* Frameworks */,
				3FF220D1292CC73D009A45E3 /* Resources */,
			);
			buildRules = (
			);
			dependencies = (
				3FF220D5292CC73D009A45E3 /* PBXTargetDependency */,
			);
			name = XcodeIntroUITests;
			productName = XcodeIntroUITests;
			productReference = 3FF220D3292CC73D009A45E3 /* XcodeIntroUITests.xctest */;
			productType = "com.apple.product-type.bundle.ui-testing";
		};
/* End PBXNativeTarget section */

/* Begin PBXProject section */
		3FF220AB292CC730009A45E3 /* Project object */ = {
			isa = PBXProject;
			attributes = {
				BuildIndependentTargetsInParallel = 1;
				LastSwiftUpdateCheck = 1410;
				LastUpgradeCheck = 1410;
				TargetAttributes = {
					3FF220B2292CC730009A45E3 = {
						CreatedOnToolsVersion = 14.1;
					};
					3FF220C8292CC73D009A45E3 = {
						CreatedOnToolsVersion = 14.1;
						TestTargetID = 3FF220B2292CC730009A45E3;
					};
					3FF220D2292CC73D009A45E3 = {
						CreatedOnToolsVersion = 14.1;
						TestTargetID = 3FF220B2292CC730009A45E3;
					};
				};
			};
			buildConfigurationList = 3FF220AE292CC730009A45E3 /* Build configuration list for PBXProject "XcodeIntro" */;
			compatibilityVersion = "Xcode 14.0";
			developmentRegion = en;
			hasScannedForEncodings = 0;
			knownRegions = (
				en,
				Base,
			);
			mainGroup = 3FF220AA292CC730009A45E3;
			productRefGroup = 3FF220B4292CC731009A45E3 /* Products */;
			projectDirPath = "";
			projectRoot = "";
			targets = (
				3FF220B2292CC730009A45E3 /* XcodeIntro */,
				3FF220C8292CC73D009A45E3 /* XcodeIntroTests */,
				3FF220D2292CC73D009A45E3 /* XcodeIntroUITests */,
			);
		};
/* End PBXProject section */

/* Begin PBXResourcesBuildPhase section */
		3FF220B1292CC730009A45E3 /* Resources */ = {
			isa = PBXResourcesBuildPhase;
			buildActionMask = 2147483647;
			files = (
				3FF220C3292CC73C009A45E3 /* LaunchScreen.storyboard in Resources */,
				3FF220C0292CC73C009A45E3 /* Assets.xcassets in Resources */,
				3FF220BE292CC731009A45E3 /* Main.storyboard in Resources */,
			);
			runOnlyForDeploymentPostprocessing = 0;
		};
		3FF220C7292CC73D009A45E3 /* Resources */ = {
			isa = PBXResourcesBuildPhase;
			buildActionMask = 2147483647;
			files = (
			);
			runOnlyForDeploymentPostprocessing = 0;
		};
		3FF220D1292CC73D009A45E3 /* Resources */ = {
			isa = PBXResourcesBuildPhase;
			buildActionMask = 2147483647;
			files = (
			);
			runOnlyForDeploymentPostprocessing = 0;
		};
/* End PBXResourcesBuildPhase section */

/* Begin PBXSourcesBuildPhase section */
		3FF220AF292CC730009A45E3 /* Sources */ = {
			isa = PBXSourcesBuildPhase;
			buildActionMask = 2147483647;
			files = (
				3FF220BB292CC731009A45E3 /* ViewController.swift in Sources */,
				3FF220B7292CC731009A45E3 /* AppDelegate.swift in Sources */,
				3FF220B9292CC731009A45E3 /* SceneDelegate.swift in Sources */,
			);
			runOnlyForDeploymentPostprocessing = 0;
		};
		3FF220C5292CC73D009A45E3 /* Sources */ = {
			isa = PBXSourcesBuildPhase;
			buildActionMask = 2147483647;
			files = (
				3FF220CE292CC73D009A45E3 /* XcodeIntroTests.swift in Sources */,
			);
			runOnlyForDeploymentPostprocessing = 0;
		};
		3FF220CF292CC73D009A45E3 /* Sources */ = {
			isa = PBXSourcesBuildPhase;
			buildActionMask = 2147483647;
			files = (
				3FF220D8292CC73D009A45E3 /* XcodeIntroUITests.swift in Sources */,
				3FF220DA292CC73D009A45E3 /* XcodeIntroUITestsLaunchTests.swift in Sources */,
			);
			runOnlyForDeploymentPostprocessing = 0;
		};
/* End PBXSourcesBuildPhase section */

/* Begin PBXTargetDependency section */
		3FF220CB292CC73D009A45E3 /* PBXTargetDependency */ = {
			isa = PBXTargetDependency;
			target = 3FF220B2292CC730009A45E3 /* XcodeIntro */;
			targetProxy = 3FF220CA292CC73D009A45E3 /* PBXContainerItemProxy */;
		};
		3FF220D5292CC73D009A45E3 /* PBXTargetDependency */ = {
			isa = PBXTargetDependency;
			target = 3FF220B2292CC730009A45E3 /* XcodeIntro */;
			targetProxy = 3FF220D4292CC73D009A45E3 /* PBXContainerItemProxy */;
		};
/* End PBXTargetDependency section */

/* Begin PBXVariantGroup section */
		3FF220BC292CC731009A45E3 /* Main.storyboard */ = {
			isa = PBXVariantGroup;
			children = (
				3FF220BD292CC731009A45E3 /* Base */,
			);
			name = Main.storyboard;
			sourceTree = "<group>";
		};
		3FF220C1292CC73C009A45E3 /* LaunchScreen.storyboard */ = {
			isa = PBXVariantGroup;
			children = (
				3FF220C2292CC73C009A45E3 /* Base */,
			);
			name = LaunchScreen.storyboard;
			sourceTree = "<group>";
		};
/* End PBXVariantGroup section */

/* Begin XCBuildConfiguration section */
		3FF220DB292CC73D009A45E3 /* Debug */ = {
			isa = XCBuildConfiguration;
			buildSettings = {
				ALWAYS_SEARCH_USER_PATHS = NO;
				CLANG_ANALYZER_NONNULL = YES;
				CLANG_ANALYZER_NUMBER_OBJECT_CONVERSION = YES_AGGRESSIVE;
				CLANG_CXX_LANGUAGE_STANDARD = "gnu++20";
				CLANG_ENABLE_MODULES = YES;
				CLANG_ENABLE_OBJC_ARC = YES;
				CLANG_ENABLE_OBJC_WEAK = YES;
				CLANG_WARN_BLOCK_CAPTURE_AUTORELEASING = YES;
				CLANG_WARN_BOOL_CONVERSION = YES;
				CLANG_WARN_COMMA = YES;
				CLANG_WARN_CONSTANT_CONVERSION = YES;
				CLANG_WARN_DEPRECATED_OBJC_IMPLEMENTATIONS = YES;
				CLANG_WARN_DIRECT_OBJC_ISA_USAGE = YES_ERROR;
				CLANG_WARN_DOCUMENTATION_COMMENTS = YES;
				CLANG_WARN_EMPTY_BODY = YES;
				CLANG_WARN_ENUM_CONVERSION = YES;
				CLANG_WARN_INFINITE_RECURSION = YES;
				CLANG_WARN_INT_CONVERSION = YES;
				CLANG_WARN_NON_LITERAL_NULL_CONVERSION = YES;
				CLANG_WARN_OBJC_IMPLICIT_RETAIN_SELF = YES;
				CLANG_WARN_OBJC_LITERAL_CONVERSION = YES;
				CLANG_WARN_OBJC_ROOT_CLASS = YES_ERROR;
				CLANG_WARN_QUOTED_INCLUDE_IN_FRAMEWORK_HEADER = YES;
				CLANG_WARN_RANGE_LOOP_ANALYSIS = YES;
				CLANG_WARN_STRICT_PROTOTYPES = YES;
				CLANG_WARN_SUSPICIOUS_MOVE = YES;
				CLANG_WARN_UNGUARDED_AVAILABILITY = YES_AGGRESSIVE;
				CLANG_WARN_UNREACHABLE_CODE = YES;
				CLANG_WARN__DUPLICATE_METHOD_MATCH = YES;
				COPY_PHASE_STRIP = NO;
				DEBUG_INFORMATION_FORMAT = dwarf;
				ENABLE_STRICT_OBJC_MSGSEND = YES;
				ENABLE_TESTABILITY = YES;
				GCC_C_LANGUAGE_STANDARD = gnu11;
				GCC_DYNAMIC_NO_PIC = NO;
				GCC_NO_COMMON_BLOCKS = YES;
				GCC_OPTIMIZATION_LEVEL = 0;
				GCC_PREPROCESSOR_DEFINITIONS = (
					"DEBUG=1",
					"$(inherited)",
				);
				GCC_WARN_64_TO_32_BIT_CONVERSION = YES;
				GCC_WARN_ABOUT_RETURN_TYPE = YES_ERROR;
				GCC_WARN_UNDECLARED_SELECTOR = YES;
				GCC_WARN_UNINITIALIZED_AUTOS = YES_AGGRESSIVE;
				GCC_WARN_UNUSED_FUNCTION = YES;
				GCC_WARN_UNUSED_VARIABLE = YES;
				IPHONEOS_DEPLOYMENT_TARGET = 16.1;
				MTL_ENABLE_DEBUG_INFO = INCLUDE_SOURCE;
				MTL_FAST_MATH = YES;
				ONLY_ACTIVE_ARCH = YES;
				SDKROOT = iphoneos;
				SWIFT_ACTIVE_COMPILATION_CONDITIONS = DEBUG;
				SWIFT_OPTIMIZATION_LEVEL = "-Onone";
			};
			name = Debug;
		};
		3FF220DC292CC73D009A45E3 /* Release */ = {
			isa = XCBuildConfiguration;
			buildSettings = {
				ALWAYS_SEARCH_USER_PATHS = NO;
				CLANG_ANALYZER_NONNULL = YES;
				CLANG_ANALYZER_NUMBER_OBJECT_CONVERSION = YES_AGGRESSIVE;
				CLANG_CXX_LANGUAGE_STANDARD = "gnu++20";
				CLANG_ENABLE_MODULES = YES;
				CLANG_ENABLE_OBJC_ARC = YES;
				CLANG_ENABLE_OBJC_WEAK = YES;
				CLANG_WARN_BLOCK_CAPTURE_AUTORELEASING = YES;
				CLANG_WARN_BOOL_CONVERSION = YES;
				CLANG_WARN_COMMA = YES;
				CLANG_WARN_CONSTANT_CONVERSION = YES;
				CLANG_WARN_DEPRECATED_OBJC_IMPLEMENTATIONS = YES;
				CLANG_WARN_DIRECT_OBJC_ISA_USAGE = YES_ERROR;
				CLANG_WARN_DOCUMENTATION_COMMENTS = YES;
				CLANG_WARN_EMPTY_BODY = YES;
				CLANG_WARN_ENUM_CONVERSION = YES;
				CLANG_WARN_INFINITE_RECURSION = YES;
				CLANG_WARN_INT_CONVERSION = YES;
				CLANG_WARN_NON_LITERAL_NULL_CONVERSION = YES;
				CLANG_WARN_OBJC_IMPLICIT_RETAIN_SELF = YES;
				CLANG_WARN_OBJC_LITERAL_CONVERSION = YES;
				CLANG_WARN_OBJC_ROOT_CLASS = YES_ERROR;
				CLANG_WARN_QUOTED_INCLUDE_IN_FRAMEWORK_HEADER = YES;
				CLANG_WARN_RANGE_LOOP_ANALYSIS = YES;
				CLANG_WARN_STRICT_PROTOTYPES = YES;
				CLANG_WARN_SUSPICIOUS_MOVE = YES;
				CLANG_WARN_UNGUARDED_AVAILABILITY = YES_AGGRESSIVE;
				CLANG_WARN_UNREACHABLE_CODE = YES;
				CLANG_WARN__DUPLICATE_METHOD_MATCH = YES;
				COPY_PHASE_STRIP = NO;
				DEBUG_INFORMATION_FORMAT = "dwarf-with-dsym";
				ENABLE_NS_ASSERTIONS = NO;
				ENABLE_STRICT_OBJC_MSGSEND = YES;
				GCC_C_LANGUAGE_STANDARD = gnu11;
				GCC_NO_COMMON_BLOCKS = YES;
				GCC_WARN_64_TO_32_BIT_CONVERSION = YES;
				GCC_WARN_ABOUT_RETURN_TYPE = YES_ERROR;
				GCC_WARN_UNDECLARED_SELECTOR = YES;
				GCC_WARN_UNINITIALIZED_AUTOS = YES_AGGRESSIVE;
				GCC_WARN_UNUSED_FUNCTION = YES;
				GCC_WARN_UNUSED_VARIABLE = YES;
				IPHONEOS_DEPLOYMENT_TARGET = 16.1;
				MTL_ENABLE_DEBUG_INFO = NO;
				MTL_FAST_MATH = YES;
				SDKROOT = iphoneos;
				SWIFT_COMPILATION_MODE = wholemodule;
				SWIFT_OPTIMIZATION_LEVEL = "-O";
				VALIDATE_PRODUCT = YES;
			};
			name = Release;
		};
		3FF220DE292CC73D009A45E3 /* Debug */ = {
			isa = XCBuildConfiguration;
			buildSettings = {
				ASSETCATALOG_COMPILER_APPICON_NAME = AppIcon;
				ASSETCATALOG_COMPILER_GLOBAL_ACCENT_COLOR_NAME = AccentColor;
				CODE_SIGN_STYLE = Automatic;
				CURRENT_PROJECT_VERSION = 1;
				GENERATE_INFOPLIST_FILE = YES;
				INFOPLIST_FILE = XcodeIntro/Info.plist;
				INFOPLIST_KEY_UIApplicationSupportsIndirectInputEvents = YES;
				INFOPLIST_KEY_UILaunchStoryboardName = LaunchScreen;
				INFOPLIST_KEY_UIMainStoryboardFile = Main;
				INFOPLIST_KEY_UISupportedInterfaceOrientations_iPad = "UIInterfaceOrientationPortrait UIInterfaceOrientationPortraitUpsideDown UIInterfaceOrientationLandscapeLeft UIInterfaceOrientationLandscapeRight";
				INFOPLIST_KEY_UISupportedInterfaceOrientations_iPhone = "UIInterfaceOrientationPortrait UIInterfaceOrientationLandscapeLeft UIInterfaceOrientationLandscapeRight";
				LD_RUNPATH_SEARCH_PATHS = (
					"$(inherited)",
					"@executable_path/Frameworks",
				);
				MARKETING_VERSION = 1.0;
				PRODUCT_BUNDLE_IDENTIFIER = Test1.XcodeIntro;
				PRODUCT_NAME = "$(TARGET_NAME)";
				SWIFT_EMIT_LOC_STRINGS = YES;
				SWIFT_VERSION = 5.0;
				TARGETED_DEVICE_FAMILY = "1,2";
			};
			name = Debug;
		};
		3FF220DF292CC73D009A45E3 /* Release */ = {
			isa = XCBuildConfiguration;
			buildSettings = {
				ASSETCATALOG_COMPILER_APPICON_NAME = AppIcon;
				ASSETCATALOG_COMPILER_GLOBAL_ACCENT_COLOR_NAME = AccentColor;
				CODE_SIGN_STYLE = Automatic;
				CURRENT_PROJECT_VERSION = 1;
				GENERATE_INFOPLIST_FILE = YES;
				INFOPLIST_FILE = XcodeIntro/Info.plist;
				INFOPLIST_KEY_UIApplicationSupportsIndirectInputEvents = YES;
				INFOPLIST_KEY_UILaunchStoryboardName = LaunchScreen;
				INFOPLIST_KEY_UIMainStoryboardFile = Main;
				INFOPLIST_KEY_UISupportedInterfaceOrientations_iPad = "UIInterfaceOrientationPortrait UIInterfaceOrientationPortraitUpsideDown UIInterfaceOrientationLandscapeLeft UIInterfaceOrientationLandscapeRight";
				INFOPLIST_KEY_UISupportedInterfaceOrientations_iPhone = "UIInterfaceOrientationPortrait UIInterfaceOrientationLandscapeLeft UIInterfaceOrientationLandscapeRight";
				LD_RUNPATH_SEARCH_PATHS = (
					"$(inherited)",
					"@executable_path/Frameworks",
				);
				MARKETING_VERSION = 1.0;
				PRODUCT_BUNDLE_IDENTIFIER = Test1.XcodeIntro;
				PRODUCT_NAME = "$(TARGET_NAME)";
				SWIFT_EMIT_LOC_STRINGS = YES;
				SWIFT_VERSION = 5.0;
				TARGETED_DEVICE_FAMILY = "1,2";
			};
			name = Release;
		};
		3FF220E1292CC73D009A45E3 /* Debug */ = {
			isa = XCBuildConfiguration;
			buildSettings = {
				ALWAYS_EMBED_SWIFT_STANDARD_LIBRARIES = YES;
				BUNDLE_LOADER = "$(TEST_HOST)";
				CODE_SIGN_STYLE = Automatic;
				CURRENT_PROJECT_VERSION = 1;
				GENERATE_INFOPLIST_FILE = YES;
				IPHONEOS_DEPLOYMENT_TARGET = 16.1;
				MARKETING_VERSION = 1.0;
				PRODUCT_BUNDLE_IDENTIFIER = Test1.XcodeIntroTests;
				PRODUCT_NAME = "$(TARGET_NAME)";
				SWIFT_EMIT_LOC_STRINGS = NO;
				SWIFT_VERSION = 5.0;
				TARGETED_DEVICE_FAMILY = "1,2";
				TEST_HOST = "$(BUILT_PRODUCTS_DIR)/XcodeIntro.app/$(BUNDLE_EXECUTABLE_FOLDER_PATH)/XcodeIntro";
			};
			name = Debug;
		};
		3FF220E2292CC73D009A45E3 /* Release */ = {
			isa = XCBuildConfiguration;
			buildSettings = {
				ALWAYS_EMBED_SWIFT_STANDARD_LIBRARIES = YES;
				BUNDLE_LOADER = "$(TEST_HOST)";
				CODE_SIGN_STYLE = Automatic;
				CURRENT_PROJECT_VERSION = 1;
				GENERATE_INFOPLIST_FILE = YES;
				IPHONEOS_DEPLOYMENT_TARGET = 16.1;
				MARKETING_VERSION = 1.0;
				PRODUCT_BUNDLE_IDENTIFIER = Test1.XcodeIntroTests;
				PRODUCT_NAME = "$(TARGET_NAME)";
				SWIFT_EMIT_LOC_STRINGS = NO;
				SWIFT_VERSION = 5.0;
				TARGETED_DEVICE_FAMILY = "1,2";
				TEST_HOST = "$(BUILT_PRODUCTS_DIR)/XcodeIntro.app/$(BUNDLE_EXECUTABLE_FOLDER_PATH)/XcodeIntro";
			};
			name = Release;
		};
		3FF220E4292CC73D009A45E3 /* Debug */ = {
			isa = XCBuildConfiguration;
			buildSettings = {
				ALWAYS_EMBED_SWIFT_STANDARD_LIBRARIES = YES;
				CODE_SIGN_STYLE = Automatic;
				CURRENT_PROJECT_VERSION = 1;
				GENERATE_INFOPLIST_FILE = YES;
				MARKETING_VERSION = 1.0;
				PRODUCT_BUNDLE_IDENTIFIER = Test1.XcodeIntroUITests;
				PRODUCT_NAME = "$(TARGET_NAME)";
				SWIFT_EMIT_LOC_STRINGS = NO;
				SWIFT_VERSION = 5.0;
				TARGETED_DEVICE_FAMILY = "1,2";
				TEST_TARGET_NAME = XcodeIntro;
			};
			name = Debug;
		};
		3FF220E5292CC73D009A45E3 /* Release */ = {
			isa = XCBuildConfiguration;
			buildSettings = {
				ALWAYS_EMBED_SWIFT_STANDARD_LIBRARIES = YES;
				CODE_SIGN_STYLE = Automatic;
				CURRENT_PROJECT_VERSION = 1;
				GENERATE_INFOPLIST_FILE = YES;
				MARKETING_VERSION = 1.0;
				PRODUCT_BUNDLE_IDENTIFIER = Test1.XcodeIntroUITests;
				PRODUCT_NAME = "$(TARGET_NAME)";
				SWIFT_EMIT_LOC_STRINGS = NO;
				SWIFT_VERSION = 5.0;
				TARGETED_DEVICE_FAMILY = "1,2";
				TEST_TARGET_NAME = XcodeIntro;
			};
			name = Release;
		};
/* End XCBuildConfiguration section */

/* Begin XCConfigurationList section */
		3FF220AE292CC730009A45E3 /* Build configuration list for PBXProject "XcodeIntro" */ = {
			isa = XCConfigurationList;
			buildConfigurations = (
				3FF220DB292CC73D009A45E3 /* Debug */,
				3FF220DC292CC73D009A45E3 /* Release */,
			);
			defaultConfigurationIsVisible = 0;
			defaultConfigurationName = Release;
		};
		3FF220DD292CC73D009A45E3 /* Build configuration list for PBXNativeTarget "XcodeIntro" */ = {
			isa = XCConfigurationList;
			buildConfigurations = (
				3FF220DE292CC73D009A45E3 /* Debug */,
				3FF220DF292CC73D009A45E3 /* Release */,
			);
			defaultConfigurationIsVisible = 0;
			defaultConfigurationName = Release;
		};
		3FF220E0292CC73D009A45E3 /* Build configuration list for PBXNativeTarget "XcodeIntroTests" */ = {
			isa = XCConfigurationList;
			buildConfigurations = (
				3FF220E1292CC73D009A45E3 /* Debug */,
				3FF220E2292CC73D009A45E3 /* Release */,
			);
			defaultConfigurationIsVisible = 0;
			defaultConfigurationName = Release;
		};
		3FF220E3292CC73D009A45E3 /* Build configuration list for PBXNativeTarget "XcodeIntroUITests" */ = {
			isa = XCConfigurationList;
			buildConfigurations = (
				3FF220E4292CC73D009A45E3 /* Debug */,
				3FF220E5292CC73D009A45E3 /* Release */,
			);
			defaultConfigurationIsVisible = 0;
			defaultConfigurationName = Release;
		};
/* End XCConfigurationList section */
	};
	rootObject = 3FF220AB292CC730009A45E3 /* Project object */;
}
